# This file is automatically @generated by Poetry 1.8.2 and should not be changed by hand.

[[package]]
name = "kafka-python"
version = "2.0.3.dev0"
description = "Pure Python client for Apache Kafka"
optional = false
python-versions = "*"
files = []
develop = false

[package.extras]
crc32c = ["crc32c"]
lz4 = ["lz4"]
snappy = ["python-snappy"]
zstd = ["zstandard"]

[package.source]
type = "git"
url = "https://github.com/dpkp/kafka-python.git"
reference = "HEAD"
resolved_reference = "a6d0579d3cadd3826dd364b01bc12a2173139abc"

[metadata]
lock-version = "2.0"
python-versions = "^3.11"
content-hash = "ce27ca37f5f8d16adbe26771c79de2dffb8341a9cff53565830a7265e8618077"
